
Microsoft Visual Studio Solution File, Format Version 12.00
# Visual Studio Version 16
VisualStudioVersion = 16.0.29519.87
MinimumVisualStudioVersion = 10.0.40219.1
Project("{FAE04EC0-301F-11D3-BF4B-00C04F79EFBC}") = "5.1_ShowName", "5.1_ShowName\5.1_ShowName.csproj", "{47E4677A-866E-4298-9F5A-6911B6B2DAAB}"
EndProject
Global
	GlobalSection(SolutionConfigurationPlatforms) = preSolution
		Debug|Any CPU = Debug|Any CPU
		Release|Any CPU = Release|Any CPU
	EndGlobalSection
	GlobalSection(ProjectConfigurationPlatforms) = postSolution
		{47E4677A-866E-4298-9F5A-6911B6B2DAAB}.Debug|Any CPU.ActiveCfg = Debug|Any CPU
		{47E4677A-866E-4298-9F5A-6911B6B2DAAB}.Debug|Any CPU.Build.0 = Debug|Any CPU
		{47E4677A-866E-4298-9F5A-6911B6B2DAAB}.Release|Any CPU.ActiveCfg = Release|Any CPU
		{47E4677A-866E-4298-9F5A-6911B6B2DAAB}.Release|Any CPU.Build.0 = Release|Any CPU
	EndGlobalSection
	GlobalSection(SolutionProperties) = preSolution
		HideSolutionNode = FALSE
	EndGlobalSection
	GlobalSection(ExtensibilityGlobals) = postSolution
		SolutionGuid = {B3CA3054-36FE-4853-BE4B-AC0EF0A57464}
	EndGlobalSection
EndGlobal
